// !$*UTF8*$!
{
	archiveVersion = 1;
	classes = {
	};
	objectVersion = 46;
	objects = {

/* Begin PBXBuildFile section */
		0E28738B1F89B85100DE340C /* SQLite.framework in Frameworks */ = {isa = PBXBuildFile; fileRef = 0E28738A1F89B85100DE340C /* SQLite.framework */; };
		0E5618A61F892BE00052C182 /* Product.swift in Sources */ = {isa = PBXBuildFile; fileRef = 0E5618A51F892BE00052C182 /* Product.swift */; };
		0E5618A81F892C2A0052C182 /* Measurement.swift in Sources */ = {isa = PBXBuildFile; fileRef = 0E5618A71F892C2A0052C182 /* Measurement.swift */; };
		0E5618B31F8930FA0052C182 /* Hub.swift in Sources */ = {isa = PBXBuildFile; fileRef = 0E5618B21F8930FA0052C182 /* Hub.swift */; };
		0E5618B51F8931900052C182 /* Rim.swift in Sources */ = {isa = PBXBuildFile; fileRef = 0E5618B41F8931900052C182 /* Rim.swift */; };
		0E5618B71F8931E30052C182 /* Tire.swift in Sources */ = {isa = PBXBuildFile; fileRef = 0E5618B61F8931E30052C182 /* Tire.swift */; };
		0E5618B91F8931FF0052C182 /* Tube.swift in Sources */ = {isa = PBXBuildFile; fileRef = 0E5618B81F8931FF0052C182 /* Tube.swift */; };
		0E5618BB1F89322D0052C182 /* BottomBracket.swift in Sources */ = {isa = PBXBuildFile; fileRef = 0E5618BA1F89322D0052C182 /* BottomBracket.swift */; };
		0E5618BD1F89325E0052C182 /* Chain.swift in Sources */ = {isa = PBXBuildFile; fileRef = 0E5618BC1F89325E0052C182 /* Chain.swift */; };
		0E5618C11F8932B80052C182 /* Chainrings.swift in Sources */ = {isa = PBXBuildFile; fileRef = 0E5618C01F8932B80052C182 /* Chainrings.swift */; };
		0E5618C31F8933670052C182 /* Cogs.swift in Sources */ = {isa = PBXBuildFile; fileRef = 0E5618C21F8933670052C182 /* Cogs.swift */; };
		0E5618C51F8933900052C182 /* Cranks.swift in Sources */ = {isa = PBXBuildFile; fileRef = 0E5618C41F8933900052C182 /* Cranks.swift */; };
		0E5618C71F8935300052C182 /* Derailleur.swift in Sources */ = {isa = PBXBuildFile; fileRef = 0E5618C61F8935300052C182 /* Derailleur.swift */; };
		0E5618C91F89359A0052C182 /* Pedals.swift in Sources */ = {isa = PBXBuildFile; fileRef = 0E5618C81F89359A0052C182 /* Pedals.swift */; };
		0E5618CB1F8935DB0052C182 /* Fork.swift in Sources */ = {isa = PBXBuildFile; fileRef = 0E5618CA1F8935DB0052C182 /* Fork.swift */; };
		0E5618CD1F8936420052C182 /* Frame.swift in Sources */ = {isa = PBXBuildFile; fileRef = 0E5618CC1F8936420052C182 /* Frame.swift */; };
		0E5618CF1F8936770052C182 /* GearShifter.swift in Sources */ = {isa = PBXBuildFile; fileRef = 0E5618CE1F8936770052C182 /* GearShifter.swift */; };
		0E5618D11F8936A30052C182 /* Handlebars.swift in Sources */ = {isa = PBXBuildFile; fileRef = 0E5618D01F8936A30052C182 /* Handlebars.swift */; };
		0E5618D31F8937070052C182 /* Headset.swift in Sources */ = {isa = PBXBuildFile; fileRef = 0E5618D21F8937070052C182 /* Headset.swift */; };
		0E5618D51F89372C0052C182 /* Saddle.swift in Sources */ = {isa = PBXBuildFile; fileRef = 0E5618D41F89372C0052C182 /* Saddle.swift */; };
		0E5618D71F89373F0052C182 /* SeatPost.swift in Sources */ = {isa = PBXBuildFile; fileRef = 0E5618D61F89373F0052C182 /* SeatPost.swift */; };
		0E5618D91F89375B0052C182 /* Stem.swift in Sources */ = {isa = PBXBuildFile; fileRef = 0E5618D81F89375B0052C182 /* Stem.swift */; };
		0E5618DB1F8937830052C182 /* Wheel.swift in Sources */ = {isa = PBXBuildFile; fileRef = 0E5618DA1F8937830052C182 /* Wheel.swift */; };
		0E5618DD1F8937E50052C182 /* Drivetrain.swift in Sources */ = {isa = PBXBuildFile; fileRef = 0E5618DC1F8937E50052C182 /* Drivetrain.swift */; };
		0E5618DF1F8938160052C182 /* Brake.swift in Sources */ = {isa = PBXBuildFile; fileRef = 0E5618DE1F8938160052C182 /* Brake.swift */; };
		0E5618E11F89384A0052C182 /* BrakeLever.swift in Sources */ = {isa = PBXBuildFile; fileRef = 0E5618E01F89384A0052C182 /* BrakeLever.swift */; };
		0E5618E31F89388A0052C182 /* Bike.swift in Sources */ = {isa = PBXBuildFile; fileRef = 0E5618E21F89388A0052C182 /* Bike.swift */; };
		0E5618E51F8940B70052C182 /* BikeShedTests.swift in Sources */ = {isa = PBXBuildFile; fileRef = 0E5618E41F8940B70052C182 /* BikeShedTests.swift */; };
		0E57073E1F894C1400B31F74 /* Storable.swift in Sources */ = {isa = PBXBuildFile; fileRef = 0E57073D1F894C1400B31F74 /* Storable.swift */; };
		0E8499711F6D9AA600F82BBF /* AppDelegate.swift in Sources */ = {isa = PBXBuildFile; fileRef = 0E8499701F6D9AA600F82BBF /* AppDelegate.swift */; };
		0E8499731F6D9AA600F82BBF /* FirstViewController.swift in Sources */ = {isa = PBXBuildFile; fileRef = 0E8499721F6D9AA600F82BBF /* FirstViewController.swift */; };
		0E8499751F6D9AA600F82BBF /* SecondViewController.swift in Sources */ = {isa = PBXBuildFile; fileRef = 0E8499741F6D9AA600F82BBF /* SecondViewController.swift */; };
		0E8499781F6D9AA600F82BBF /* Main.storyboard in Resources */ = {isa = PBXBuildFile; fileRef = 0E8499761F6D9AA600F82BBF /* Main.storyboard */; };
		0E84997A1F6D9AA600F82BBF /* Assets.xcassets in Resources */ = {isa = PBXBuildFile; fileRef = 0E8499791F6D9AA600F82BBF /* Assets.xcassets */; };
		0E84997D1F6D9AA600F82BBF /* LaunchScreen.storyboard in Resources */ = {isa = PBXBuildFile; fileRef = 0E84997B1F6D9AA600F82BBF /* LaunchScreen.storyboard */; };
		0E849AA71F6DA22700F82BBF /* Enumerations.swift in Sources */ = {isa = PBXBuildFile; fileRef = 0E849A8A1F6DA22700F82BBF /* Enumerations.swift */; };
/* End PBXBuildFile section */

/* Begin PBXContainerItemProxy section */
		0E8499841F6D9AA600F82BBF /* PBXContainerItemProxy */ = {
			isa = PBXContainerItemProxy;
			containerPortal = 0E8499651F6D9AA600F82BBF /* Project object */;
			proxyType = 1;
			remoteGlobalIDString = 0E84996C1F6D9AA600F82BBF;
			remoteInfo = BikeShed;
		};
/* End PBXContainerItemProxy section */

/* Begin PBXFileReference section */
		0E28738A1F89B85100DE340C /* SQLite.framework */ = {isa = PBXFileReference; lastKnownFileType = wrapper.framework; name = SQLite.framework; path = Carthage/Build/iOS/SQLite.framework; sourceTree = "<group>"; };
		0E5618A51F892BE00052C182 /* Product.swift */ = {isa = PBXFileReference; lastKnownFileType = sourcecode.swift; path = Product.swift; sourceTree = "<group>"; };
		0E5618A71F892C2A0052C182 /* Measurement.swift */ = {isa = PBXFileReference; lastKnownFileType = sourcecode.swift; path = Measurement.swift; sourceTree = "<group>"; };
		0E5618B21F8930FA0052C182 /* Hub.swift */ = {isa = PBXFileReference; lastKnownFileType = sourcecode.swift; path = Hub.swift; sourceTree = "<group>"; };
		0E5618B41F8931900052C182 /* Rim.swift */ = {isa = PBXFileReference; lastKnownFileType = sourcecode.swift; path = Rim.swift; sourceTree = "<group>"; };
		0E5618B61F8931E30052C182 /* Tire.swift */ = {isa = PBXFileReference; lastKnownFileType = sourcecode.swift; path = Tire.swift; sourceTree = "<group>"; };
		0E5618B81F8931FF0052C182 /* Tube.swift */ = {isa = PBXFileReference; lastKnownFileType = sourcecode.swift; path = Tube.swift; sourceTree = "<group>"; };
		0E5618BA1F89322D0052C182 /* BottomBracket.swift */ = {isa = PBXFileReference; lastKnownFileType = sourcecode.swift; path = BottomBracket.swift; sourceTree = "<group>"; };
		0E5618BC1F89325E0052C182 /* Chain.swift */ = {isa = PBXFileReference; lastKnownFileType = sourcecode.swift; path = Chain.swift; sourceTree = "<group>"; };
		0E5618C01F8932B80052C182 /* Chainrings.swift */ = {isa = PBXFileReference; lastKnownFileType = sourcecode.swift; path = Chainrings.swift; sourceTree = "<group>"; };
		0E5618C21F8933670052C182 /* Cogs.swift */ = {isa = PBXFileReference; lastKnownFileType = sourcecode.swift; path = Cogs.swift; sourceTree = "<group>"; };
		0E5618C41F8933900052C182 /* Cranks.swift */ = {isa = PBXFileReference; lastKnownFileType = sourcecode.swift; path = Cranks.swift; sourceTree = "<group>"; };
		0E5618C61F8935300052C182 /* Derailleur.swift */ = {isa = PBXFileReference; lastKnownFileType = sourcecode.swift; path = Derailleur.swift; sourceTree = "<group>"; };
		0E5618C81F89359A0052C182 /* Pedals.swift */ = {isa = PBXFileReference; lastKnownFileType = sourcecode.swift; path = Pedals.swift; sourceTree = "<group>"; };
		0E5618CA1F8935DB0052C182 /* Fork.swift */ = {isa = PBXFileReference; lastKnownFileType = sourcecode.swift; path = Fork.swift; sourceTree = "<group>"; };
		0E5618CC1F8936420052C182 /* Frame.swift */ = {isa = PBXFileReference; lastKnownFileType = sourcecode.swift; path = Frame.swift; sourceTree = "<group>"; };
		0E5618CE1F8936770052C182 /* GearShifter.swift */ = {isa = PBXFileReference; lastKnownFileType = sourcecode.swift; path = GearShifter.swift; sourceTree = "<group>"; };
		0E5618D01F8936A30052C182 /* Handlebars.swift */ = {isa = PBXFileReference; lastKnownFileType = sourcecode.swift; path = Handlebars.swift; sourceTree = "<group>"; };
		0E5618D21F8937070052C182 /* Headset.swift */ = {isa = PBXFileReference; lastKnownFileType = sourcecode.swift; path = Headset.swift; sourceTree = "<group>"; };
		0E5618D41F89372C0052C182 /* Saddle.swift */ = {isa = PBXFileReference; lastKnownFileType = sourcecode.swift; path = Saddle.swift; sourceTree = "<group>"; };
		0E5618D61F89373F0052C182 /* SeatPost.swift */ = {isa = PBXFileReference; lastKnownFileType = sourcecode.swift; path = SeatPost.swift; sourceTree = "<group>"; };
		0E5618D81F89375B0052C182 /* Stem.swift */ = {isa = PBXFileReference; lastKnownFileType = sourcecode.swift; path = Stem.swift; sourceTree = "<group>"; };
		0E5618DA1F8937830052C182 /* Wheel.swift */ = {isa = PBXFileReference; lastKnownFileType = sourcecode.swift; path = Wheel.swift; sourceTree = "<group>"; };
		0E5618DC1F8937E50052C182 /* Drivetrain.swift */ = {isa = PBXFileReference; lastKnownFileType = sourcecode.swift; path = Drivetrain.swift; sourceTree = "<group>"; };
		0E5618DE1F8938160052C182 /* Brake.swift */ = {isa = PBXFileReference; lastKnownFileType = sourcecode.swift; path = Brake.swift; sourceTree = "<group>"; };
		0E5618E01F89384A0052C182 /* BrakeLever.swift */ = {isa = PBXFileReference; lastKnownFileType = sourcecode.swift; path = BrakeLever.swift; sourceTree = "<group>"; };
		0E5618E21F89388A0052C182 /* Bike.swift */ = {isa = PBXFileReference; lastKnownFileType = sourcecode.swift; path = Bike.swift; sourceTree = "<group>"; };
		0E5618E41F8940B70052C182 /* BikeShedTests.swift */ = {isa = PBXFileReference; lastKnownFileType = sourcecode.swift; path = BikeShedTests.swift; sourceTree = "<group>"; };
		0E57073D1F894C1400B31F74 /* Storable.swift */ = {isa = PBXFileReference; lastKnownFileType = sourcecode.swift; path = Storable.swift; sourceTree = "<group>"; };
		0E84996D1F6D9AA600F82BBF /* BikeShed.app */ = {isa = PBXFileReference; explicitFileType = wrapper.application; includeInIndex = 0; path = BikeShed.app; sourceTree = BUILT_PRODUCTS_DIR; };
		0E8499701F6D9AA600F82BBF /* AppDelegate.swift */ = {isa = PBXFileReference; lastKnownFileType = sourcecode.swift; path = AppDelegate.swift; sourceTree = "<group>"; };
		0E8499721F6D9AA600F82BBF /* FirstViewController.swift */ = {isa = PBXFileReference; lastKnownFileType = sourcecode.swift; path = FirstViewController.swift; sourceTree = "<group>"; };
		0E8499741F6D9AA600F82BBF /* SecondViewController.swift */ = {isa = PBXFileReference; lastKnownFileType = sourcecode.swift; path = SecondViewController.swift; sourceTree = "<group>"; };
		0E8499771F6D9AA600F82BBF /* Base */ = {isa = PBXFileReference; lastKnownFileType = file.storyboard; name = Base; path = Base.lproj/Main.storyboard; sourceTree = "<group>"; };
		0E8499791F6D9AA600F82BBF /* Assets.xcassets */ = {isa = PBXFileReference; lastKnownFileType = folder.assetcatalog; path = Assets.xcassets; sourceTree = "<group>"; };
		0E84997C1F6D9AA600F82BBF /* Base */ = {isa = PBXFileReference; lastKnownFileType = file.storyboard; name = Base; path = Base.lproj/LaunchScreen.storyboard; sourceTree = "<group>"; };
		0E84997E1F6D9AA600F82BBF /* Info.plist */ = {isa = PBXFileReference; lastKnownFileType = text.plist.xml; path = Info.plist; sourceTree = "<group>"; };
		0E8499831F6D9AA600F82BBF /* BikeShedTests.xctest */ = {isa = PBXFileReference; explicitFileType = wrapper.cfbundle; includeInIndex = 0; path = BikeShedTests.xctest; sourceTree = BUILT_PRODUCTS_DIR; };
		0E8499891F6D9AA600F82BBF /* Info.plist */ = {isa = PBXFileReference; lastKnownFileType = text.plist.xml; path = Info.plist; sourceTree = "<group>"; };
		0E849A8A1F6DA22700F82BBF /* Enumerations.swift */ = {isa = PBXFileReference; fileEncoding = 4; lastKnownFileType = sourcecode.swift; path = Enumerations.swift; sourceTree = "<group>"; };
/* End PBXFileReference section */

/* Begin PBXFrameworksBuildPhase section */
		0E84996A1F6D9AA600F82BBF /* Frameworks */ = {
			isa = PBXFrameworksBuildPhase;
			buildActionMask = 2147483647;
			files = (
				0E28738B1F89B85100DE340C /* SQLite.framework in Frameworks */,
			);
			runOnlyForDeploymentPostprocessing = 0;
		};
		0E8499801F6D9AA600F82BBF /* Frameworks */ = {
			isa = PBXFrameworksBuildPhase;
			buildActionMask = 2147483647;
			files = (
			);
			runOnlyForDeploymentPostprocessing = 0;
		};
/* End PBXFrameworksBuildPhase section */

/* Begin PBXGroup section */
		0E2873881F89B49100DE340C /* DattAccess */ = {
			isa = PBXGroup;
			children = (
			);
			path = DattAccess;
			sourceTree = "<group>";
		};
		0E2873891F89B85100DE340C /* Frameworks */ = {
			isa = PBXGroup;
			children = (
				0E28738A1F89B85100DE340C /* SQLite.framework */,
			);
			name = Frameworks;
			sourceTree = "<group>";
		};
		0E5618AE1F892FEE0052C182 /* Models */ = {
			isa = PBXGroup;
			children = (
				0E5618AF1F89304D0052C182 /* BikeParts */,
				0E849A8A1F6DA22700F82BBF /* Enumerations.swift */,
				0E5618A51F892BE00052C182 /* Product.swift */,
				0E5618A71F892C2A0052C182 /* Measurement.swift */,
				0E5618E21F89388A0052C182 /* Bike.swift */,
			);
			path = Models;
			sourceTree = "<group>";
		};
		0E5618AF1F89304D0052C182 /* BikeParts */ = {
			isa = PBXGroup;
			children = (
				0E5618B11F89306E0052C182 /* WheelParts */,
				0E5618B01F8930680052C182 /* DrivetrainParts */,
				0E5618CA1F8935DB0052C182 /* Fork.swift */,
				0E5618CC1F8936420052C182 /* Frame.swift */,
				0E5618CE1F8936770052C182 /* GearShifter.swift */,
				0E5618D01F8936A30052C182 /* Handlebars.swift */,
				0E5618D21F8937070052C182 /* Headset.swift */,
				0E5618D41F89372C0052C182 /* Saddle.swift */,
				0E5618D61F89373F0052C182 /* SeatPost.swift */,
				0E5618D81F89375B0052C182 /* Stem.swift */,
				0E5618DA1F8937830052C182 /* Wheel.swift */,
				0E5618DC1F8937E50052C182 /* Drivetrain.swift */,
				0E5618DE1F8938160052C182 /* Brake.swift */,
				0E5618E01F89384A0052C182 /* BrakeLever.swift */,
			);
			path = BikeParts;
			sourceTree = "<group>";
		};
		0E5618B01F8930680052C182 /* DrivetrainParts */ = {
			isa = PBXGroup;
			children = (
				0E5618BA1F89322D0052C182 /* BottomBracket.swift */,
				0E5618BC1F89325E0052C182 /* Chain.swift */,
				0E5618C01F8932B80052C182 /* Chainrings.swift */,
				0E5618C21F8933670052C182 /* Cogs.swift */,
				0E5618C41F8933900052C182 /* Cranks.swift */,
				0E5618C61F8935300052C182 /* Derailleur.swift */,
				0E5618C81F89359A0052C182 /* Pedals.swift */,
			);
			path = DrivetrainParts;
			sourceTree = "<group>";
		};
		0E5618B11F89306E0052C182 /* WheelParts */ = {
			isa = PBXGroup;
			children = (
				0E5618B21F8930FA0052C182 /* Hub.swift */,
				0E5618B41F8931900052C182 /* Rim.swift */,
				0E5618B61F8931E30052C182 /* Tire.swift */,
				0E5618B81F8931FF0052C182 /* Tube.swift */,
			);
			path = WheelParts;
			sourceTree = "<group>";
		};
		0E8499641F6D9AA600F82BBF = {
			isa = PBXGroup;
			children = (
				0E84996F1F6D9AA600F82BBF /* BikeShed */,
				0E8499861F6D9AA600F82BBF /* BikeShedTests */,
				0E84996E1F6D9AA600F82BBF /* Products */,
				0E2873891F89B85100DE340C /* Frameworks */,
			);
			sourceTree = "<group>";
		};
		0E84996E1F6D9AA600F82BBF /* Products */ = {
			isa = PBXGroup;
			children = (
				0E84996D1F6D9AA600F82BBF /* BikeShed.app */,
				0E8499831F6D9AA600F82BBF /* BikeShedTests.xctest */,
			);
			name = Products;
			sourceTree = "<group>";
		};
		0E84996F1F6D9AA600F82BBF /* BikeShed */ = {
			isa = PBXGroup;
			children = (
				0E2873881F89B49100DE340C /* DattAccess */,
				0E5618AE1F892FEE0052C182 /* Models */,
				0E8499701F6D9AA600F82BBF /* AppDelegate.swift */,
				0E8499721F6D9AA600F82BBF /* FirstViewController.swift */,
				0E8499741F6D9AA600F82BBF /* SecondViewController.swift */,
				0E8499761F6D9AA600F82BBF /* Main.storyboard */,
				0E8499791F6D9AA600F82BBF /* Assets.xcassets */,
				0E84997B1F6D9AA600F82BBF /* LaunchScreen.storyboard */,
				0E84997E1F6D9AA600F82BBF /* Info.plist */,
				0E57073D1F894C1400B31F74 /* Storable.swift */,
			);
			path = BikeShed;
			sourceTree = "<group>";
		};
		0E8499861F6D9AA600F82BBF /* BikeShedTests */ = {
			isa = PBXGroup;
			children = (
				0E8499891F6D9AA600F82BBF /* Info.plist */,
				0E5618E41F8940B70052C182 /* BikeShedTests.swift */,
			);
			path = BikeShedTests;
			sourceTree = "<group>";
		};
/* End PBXGroup section */

/* Begin PBXNativeTarget section */
		0E84996C1F6D9AA600F82BBF /* BikeShed */ = {
			isa = PBXNativeTarget;
			buildConfigurationList = 0E84998C1F6D9AA600F82BBF /* Build configuration list for PBXNativeTarget "BikeShed" */;
			buildPhases = (
				0E8499691F6D9AA600F82BBF /* Sources */,
				0E84996A1F6D9AA600F82BBF /* Frameworks */,
				0E84996B1F6D9AA600F82BBF /* Resources */,
				0E849A7F1F6DA1AC00F82BBF /* ShellScript */,
			);
			buildRules = (
			);
			dependencies = (
			);
			name = BikeShed;
			productName = BikeShed;
			productReference = 0E84996D1F6D9AA600F82BBF /* BikeShed.app */;
			productType = "com.apple.product-type.application";
		};
		0E8499821F6D9AA600F82BBF /* BikeShedTests */ = {
			isa = PBXNativeTarget;
			buildConfigurationList = 0E84998F1F6D9AA600F82BBF /* Build configuration list for PBXNativeTarget "BikeShedTests" */;
			buildPhases = (
				0E84997F1F6D9AA600F82BBF /* Sources */,
				0E8499801F6D9AA600F82BBF /* Frameworks */,
				0E8499811F6D9AA600F82BBF /* Resources */,
			);
			buildRules = (
			);
			dependencies = (
				0E8499851F6D9AA600F82BBF /* PBXTargetDependency */,
			);
			name = BikeShedTests;
			productName = BikeShedTests;
			productReference = 0E8499831F6D9AA600F82BBF /* BikeShedTests.xctest */;
			productType = "com.apple.product-type.bundle.unit-test";
		};
/* End PBXNativeTarget section */

/* Begin PBXProject section */
		0E8499651F6D9AA600F82BBF /* Project object */ = {
			isa = PBXProject;
			attributes = {
				LastSwiftUpdateCheck = 0830;
				LastUpgradeCheck = 0900;
				ORGANIZATIONNAME = "Andrew D Lee";
				TargetAttributes = {
					0E84996C1F6D9AA600F82BBF = {
						CreatedOnToolsVersion = 8.3.3;
						DevelopmentTeam = D4VM9U8H48;
						LastSwiftMigration = 0900;
						ProvisioningStyle = Automatic;
					};
					0E8499821F6D9AA600F82BBF = {
						CreatedOnToolsVersion = 8.3.3;
						DevelopmentTeam = D4VM9U8H48;
						LastSwiftMigration = 0900;
						ProvisioningStyle = Automatic;
						TestTargetID = 0E84996C1F6D9AA600F82BBF;
					};
				};
			};
			buildConfigurationList = 0E8499681F6D9AA600F82BBF /* Build configuration list for PBXProject "BikeShed" */;
			compatibilityVersion = "Xcode 3.2";
			developmentRegion = English;
			hasScannedForEncodings = 0;
			knownRegions = (
				en,
				Base,
			);
			mainGroup = 0E8499641F6D9AA600F82BBF;
			productRefGroup = 0E84996E1F6D9AA600F82BBF /* Products */;
			projectDirPath = "";
			projectRoot = "";
			targets = (
				0E84996C1F6D9AA600F82BBF /* BikeShed */,
				0E8499821F6D9AA600F82BBF /* BikeShedTests */,
			);
		};
/* End PBXProject section */

/* Begin PBXResourcesBuildPhase section */
		0E84996B1F6D9AA600F82BBF /* Resources */ = {
			isa = PBXResourcesBuildPhase;
			buildActionMask = 2147483647;
			files = (
				0E84997D1F6D9AA600F82BBF /* LaunchScreen.storyboard in Resources */,
				0E84997A1F6D9AA600F82BBF /* Assets.xcassets in Resources */,
				0E8499781F6D9AA600F82BBF /* Main.storyboard in Resources */,
			);
			runOnlyForDeploymentPostprocessing = 0;
		};
		0E8499811F6D9AA600F82BBF /* Resources */ = {
			isa = PBXResourcesBuildPhase;
			buildActionMask = 2147483647;
			files = (
			);
			runOnlyForDeploymentPostprocessing = 0;
		};
/* End PBXResourcesBuildPhase section */

/* Begin PBXShellScriptBuildPhase section */
		0E849A7F1F6DA1AC00F82BBF /* ShellScript */ = {
			isa = PBXShellScriptBuildPhase;
			buildActionMask = 2147483647;
			files = (
			);
			inputPaths = (
				"$(SRCROOT)/Carthage/Build/iOS/SQLite.framework",
			);
			outputPaths = (
				"$(BUILT_PRODUCTS_DIR)/$(FRAMEWORKS_FOLDER_PATH)/SQLite.framework",
			);
			runOnlyForDeploymentPostprocessing = 0;
			shellPath = /bin/sh;
			shellScript = "/usr/local/bin/carthage copy-frameworks";
		};
/* End PBXShellScriptBuildPhase section */

/* Begin PBXSourcesBuildPhase section */
		0E8499691F6D9AA600F82BBF /* Sources */ = {
			isa = PBXSourcesBuildPhase;
			buildActionMask = 2147483647;
			files = (
				0E5618D31F8937070052C182 /* Headset.swift in Sources */,
				0E5618B31F8930FA0052C182 /* Hub.swift in Sources */,
				0E5618B71F8931E30052C182 /* Tire.swift in Sources */,
				0E5618A61F892BE00052C182 /* Product.swift in Sources */,
				0E5618CB1F8935DB0052C182 /* Fork.swift in Sources */,
				0E5618B51F8931900052C182 /* Rim.swift in Sources */,
				0E5618D91F89375B0052C182 /* Stem.swift in Sources */,
				0E5618B91F8931FF0052C182 /* Tube.swift in Sources */,
				0E5618CF1F8936770052C182 /* GearShifter.swift in Sources */,
				0E5618E11F89384A0052C182 /* BrakeLever.swift in Sources */,
				0E5618E31F89388A0052C182 /* Bike.swift in Sources */,
				0E5618D11F8936A30052C182 /* Handlebars.swift in Sources */,
				0E5618D71F89373F0052C182 /* SeatPost.swift in Sources */,
				0E5618A81F892C2A0052C182 /* Measurement.swift in Sources */,
				0E849AA71F6DA22700F82BBF /* Enumerations.swift in Sources */,
				0E5618C31F8933670052C182 /* Cogs.swift in Sources */,
				0E5618C51F8933900052C182 /* Cranks.swift in Sources */,
				0E5618BB1F89322D0052C182 /* BottomBracket.swift in Sources */,
				0E5618BD1F89325E0052C182 /* Chain.swift in Sources */,
				0E57073E1F894C1400B31F74 /* Storable.swift in Sources */,
				0E5618DF1F8938160052C182 /* Brake.swift in Sources */,
				0E5618C91F89359A0052C182 /* Pedals.swift in Sources */,
				0E5618C11F8932B80052C182 /* Chainrings.swift in Sources */,
				0E5618C71F8935300052C182 /* Derailleur.swift in Sources */,
				0E5618DD1F8937E50052C182 /* Drivetrain.swift in Sources */,
				0E8499751F6D9AA600F82BBF /* SecondViewController.swift in Sources */,
				0E5618DB1F8937830052C182 /* Wheel.swift in Sources */,
				0E5618CD1F8936420052C182 /* Frame.swift in Sources */,
				0E8499711F6D9AA600F82BBF /* AppDelegate.swift in Sources */,
				0E8499731F6D9AA600F82BBF /* FirstViewController.swift in Sources */,
				0E5618D51F89372C0052C182 /* Saddle.swift in Sources */,
			);
			runOnlyForDeploymentPostprocessing = 0;
		};
		0E84997F1F6D9AA600F82BBF /* Sources */ = {
			isa = PBXSourcesBuildPhase;
			buildActionMask = 2147483647;
			files = (
				0E5618E51F8940B70052C182 /* BikeShedTests.swift in Sources */,
			);
			runOnlyForDeploymentPostprocessing = 0;
		};
/* End PBXSourcesBuildPhase section */

/* Begin PBXTargetDependency section */
		0E8499851F6D9AA600F82BBF /* PBXTargetDependency */ = {
			isa = PBXTargetDependency;
			target = 0E84996C1F6D9AA600F82BBF /* BikeShed */;
			targetProxy = 0E8499841F6D9AA600F82BBF /* PBXContainerItemProxy */;
		};
/* End PBXTargetDependency section */

/* Begin PBXVariantGroup section */
		0E8499761F6D9AA600F82BBF /* Main.storyboard */ = {
			isa = PBXVariantGroup;
			children = (
				0E8499771F6D9AA600F82BBF /* Base */,
			);
			name = Main.storyboard;
			sourceTree = "<group>";
		};
		0E84997B1F6D9AA600F82BBF /* LaunchScreen.storyboard */ = {
			isa = PBXVariantGroup;
			children = (
				0E84997C1F6D9AA600F82BBF /* Base */,
			);
			name = LaunchScreen.storyboard;
			sourceTree = "<group>";
		};
/* End PBXVariantGroup section */

/* Begin XCBuildConfiguration section */
		0E84998A1F6D9AA600F82BBF /* Debug */ = {
			isa = XCBuildConfiguration;
			buildSettings = {
				ALWAYS_SEARCH_USER_PATHS = NO;
				CLANG_ANALYZER_NONNULL = YES;
				CLANG_ANALYZER_NUMBER_OBJECT_CONVERSION = YES_AGGRESSIVE;
				CLANG_CXX_LANGUAGE_STANDARD = "gnu++0x";
				CLANG_CXX_LIBRARY = "libc++";
				CLANG_ENABLE_MODULES = YES;
				CLANG_ENABLE_OBJC_ARC = YES;
				CLANG_WARN_BLOCK_CAPTURE_AUTORELEASING = YES;
				CLANG_WARN_BOOL_CONVERSION = YES;
				CLANG_WARN_COMMA = YES;
				CLANG_WARN_CONSTANT_CONVERSION = YES;
				CLANG_WARN_DIRECT_OBJC_ISA_USAGE = YES_ERROR;
				CLANG_WARN_DOCUMENTATION_COMMENTS = YES;
				CLANG_WARN_EMPTY_BODY = YES;
				CLANG_WARN_ENUM_CONVERSION = YES;
				CLANG_WARN_INFINITE_RECURSION = YES;
				CLANG_WARN_INT_CONVERSION = YES;
				CLANG_WARN_NON_LITERAL_NULL_CONVERSION = YES;
				CLANG_WARN_OBJC_LITERAL_CONVERSION = YES;
				CLANG_WARN_OBJC_ROOT_CLASS = YES_ERROR;
				CLANG_WARN_RANGE_LOOP_ANALYSIS = YES;
				CLANG_WARN_STRICT_PROTOTYPES = YES;
				CLANG_WARN_SUSPICIOUS_MOVE = YES;
				CLANG_WARN_UNREACHABLE_CODE = YES;
				CLANG_WARN__DUPLICATE_METHOD_MATCH = YES;
				"CODE_SIGN_IDENTITY[sdk=iphoneos*]" = "iPhone Developer";
				COPY_PHASE_STRIP = NO;
				DEBUG_INFORMATION_FORMAT = dwarf;
				ENABLE_STRICT_OBJC_MSGSEND = YES;
				ENABLE_TESTABILITY = YES;
				GCC_C_LANGUAGE_STANDARD = gnu99;
				GCC_DYNAMIC_NO_PIC = NO;
				GCC_NO_COMMON_BLOCKS = YES;
				GCC_OPTIMIZATION_LEVEL = 0;
				GCC_PREPROCESSOR_DEFINITIONS = (
					"DEBUG=1",
					"$(inherited)",
				);
				GCC_WARN_64_TO_32_BIT_CONVERSION = YES;
				GCC_WARN_ABOUT_RETURN_TYPE = YES_ERROR;
				GCC_WARN_UNDECLARED_SELECTOR = YES;
				GCC_WARN_UNINITIALIZED_AUTOS = YES_AGGRESSIVE;
				GCC_WARN_UNUSED_FUNCTION = YES;
				GCC_WARN_UNUSED_VARIABLE = YES;
				IPHONEOS_DEPLOYMENT_TARGET = 10.3;
				MTL_ENABLE_DEBUG_INFO = YES;
				ONLY_ACTIVE_ARCH = YES;
				SDKROOT = iphoneos;
				SWIFT_ACTIVE_COMPILATION_CONDITIONS = DEBUG;
				SWIFT_OPTIMIZATION_LEVEL = "-Onone";
			};
			name = Debug;
		};
		0E84998B1F6D9AA600F82BBF /* Release */ = {
			isa = XCBuildConfiguration;
			buildSettings = {
				ALWAYS_SEARCH_USER_PATHS = NO;
				CLANG_ANALYZER_NONNULL = YES;
				CLANG_ANALYZER_NUMBER_OBJECT_CONVERSION = YES_AGGRESSIVE;
				CLANG_CXX_LANGUAGE_STANDARD = "gnu++0x";
				CLANG_CXX_LIBRARY = "libc++";
				CLANG_ENABLE_MODULES = YES;
				CLANG_ENABLE_OBJC_ARC = YES;
				CLANG_WARN_BLOCK_CAPTURE_AUTORELEASING = YES;
				CLANG_WARN_BOOL_CONVERSION = YES;
				CLANG_WARN_COMMA = YES;
				CLANG_WARN_CONSTANT_CONVERSION = YES;
				CLANG_WARN_DIRECT_OBJC_ISA_USAGE = YES_ERROR;
				CLANG_WARN_DOCUMENTATION_COMMENTS = YES;
				CLANG_WARN_EMPTY_BODY = YES;
				CLANG_WARN_ENUM_CONVERSION = YES;
				CLANG_WARN_INFINITE_RECURSION = YES;
				CLANG_WARN_INT_CONVERSION = YES;
				CLANG_WARN_NON_LITERAL_NULL_CONVERSION = YES;
				CLANG_WARN_OBJC_LITERAL_CONVERSION = YES;
				CLANG_WARN_OBJC_ROOT_CLASS = YES_ERROR;
				CLANG_WARN_RANGE_LOOP_ANALYSIS = YES;
				CLANG_WARN_STRICT_PROTOTYPES = YES;
				CLANG_WARN_SUSPICIOUS_MOVE = YES;
				CLANG_WARN_UNREACHABLE_CODE = YES;
				CLANG_WARN__DUPLICATE_METHOD_MATCH = YES;
				"CODE_SIGN_IDENTITY[sdk=iphoneos*]" = "iPhone Developer";
				COPY_PHASE_STRIP = NO;
				DEBUG_INFORMATION_FORMAT = "dwarf-with-dsym";
				ENABLE_NS_ASSERTIONS = NO;
				ENABLE_STRICT_OBJC_MSGSEND = YES;
				GCC_C_LANGUAGE_STANDARD = gnu99;
				GCC_NO_COMMON_BLOCKS = YES;
				GCC_WARN_64_TO_32_BIT_CONVERSION = YES;
				GCC_WARN_ABOUT_RETURN_TYPE = YES_ERROR;
				GCC_WARN_UNDECLARED_SELECTOR = YES;
				GCC_WARN_UNINITIALIZED_AUTOS = YES_AGGRESSIVE;
				GCC_WARN_UNUSED_FUNCTION = YES;
				GCC_WARN_UNUSED_VARIABLE = YES;
				IPHONEOS_DEPLOYMENT_TARGET = 10.3;
				MTL_ENABLE_DEBUG_INFO = NO;
				SDKROOT = iphoneos;
				SWIFT_OPTIMIZATION_LEVEL = "-Owholemodule";
				VALIDATE_PRODUCT = YES;
			};
			name = Release;
		};
		0E84998D1F6D9AA600F82BBF /* Debug */ = {
			isa = XCBuildConfiguration;
			buildSettings = {
				ASSETCATALOG_COMPILER_APPICON_NAME = AppIcon;
				DEVELOPMENT_TEAM = D4VM9U8H48;
				FRAMEWORK_SEARCH_PATHS = (
					"$(inherited)",
					"$(PROJECT_DIR)/Carthage/Build/iOS",
				);
				INFOPLIST_FILE = BikeShed/Info.plist;
				LD_RUNPATH_SEARCH_PATHS = "$(inherited) @executable_path/Frameworks";
				PRODUCT_BUNDLE_IDENTIFIER = adlee.dev.BikeShed;
				PRODUCT_NAME = "$(TARGET_NAME)";
				SWIFT_SWIFT3_OBJC_INFERENCE = Default;
				SWIFT_VERSION = 4.0;
			};
			name = Debug;
		};
		0E84998E1F6D9AA600F82BBF /* Release */ = {
			isa = XCBuildConfiguration;
			buildSettings = {
				ASSETCATALOG_COMPILER_APPICON_NAME = AppIcon;
				DEVELOPMENT_TEAM = D4VM9U8H48;
				FRAMEWORK_SEARCH_PATHS = (
					"$(inherited)",
					"$(PROJECT_DIR)/Carthage/Build/iOS",
				);
				INFOPLIST_FILE = BikeShed/Info.plist;
				LD_RUNPATH_SEARCH_PATHS = "$(inherited) @executable_path/Frameworks";
				PRODUCT_BUNDLE_IDENTIFIER = adlee.dev.BikeShed;
				PRODUCT_NAME = "$(TARGET_NAME)";
				SWIFT_SWIFT3_OBJC_INFERENCE = Default;
				SWIFT_VERSION = 4.0;
			};
			name = Release;
		};
		0E8499901F6D9AA600F82BBF /* Debug */ = {
			isa = XCBuildConfiguration;
			buildSettings = {
				ALWAYS_EMBED_SWIFT_STANDARD_LIBRARIES = YES;
				BUNDLE_LOADER = "$(TEST_HOST)";
				CLANG_ENABLE_MODULES = YES;
				DEVELOPMENT_TEAM = D4VM9U8H48;
				INFOPLIST_FILE = BikeShedTests/Info.plist;
				LD_RUNPATH_SEARCH_PATHS = "$(inherited) @executable_path/Frameworks @loader_path/Frameworks";
				PRODUCT_BUNDLE_IDENTIFIER = adlee.dev.BikeShedTests;
				PRODUCT_NAME = "$(TARGET_NAME)";
				SWIFT_OPTIMIZATION_LEVEL = "-Onone";
				SWIFT_SWIFT3_OBJC_INFERENCE = Default;
				SWIFT_VERSION = 4.0;
				TEST_HOST = "$(BUILT_PRODUCTS_DIR)/BikeShed.app/BikeShed";
			};
			name = Debug;
		};
		0E8499911F6D9AA600F82BBF /* Release */ = {
			isa = XCBuildConfiguration;
			buildSettings = {
				ALWAYS_EMBED_SWIFT_STANDARD_LIBRARIES = YES;
				BUNDLE_LOADER = "$(TEST_HOST)";
				CLANG_ENABLE_MODULES = YES;
				DEVELOPMENT_TEAM = D4VM9U8H48;
				INFOPLIST_FILE = BikeShedTests/Info.plist;
				LD_RUNPATH_SEARCH_PATHS = "$(inherited) @executable_path/Frameworks @loader_path/Frameworks";
				PRODUCT_BUNDLE_IDENTIFIER = adlee.dev.BikeShedTests;
				PRODUCT_NAME = "$(TARGET_NAME)";
				SWIFT_SWIFT3_OBJC_INFERENCE = Default;
				SWIFT_VERSION = 4.0;
				TEST_HOST = "$(BUILT_PRODUCTS_DIR)/BikeShed.app/BikeShed";
			};
			name = Release;
		};
/* End XCBuildConfiguration section */

/* Begin XCConfigurationList section */
		0E8499681F6D9AA600F82BBF /* Build configuration list for PBXProject "BikeShed" */ = {
			isa = XCConfigurationList;
			buildConfigurations = (
				0E84998A1F6D9AA600F82BBF /* Debug */,
				0E84998B1F6D9AA600F82BBF /* Release */,
			);
			defaultConfigurationIsVisible = 0;
			defaultConfigurationName = Release;
		};
		0E84998C1F6D9AA600F82BBF /* Build configuration list for PBXNativeTarget "BikeShed" */ = {
			isa = XCConfigurationList;
			buildConfigurations = (
				0E84998D1F6D9AA600F82BBF /* Debug */,
				0E84998E1F6D9AA600F82BBF /* Release */,
			);
			defaultConfigurationIsVisible = 0;
			defaultConfigurationName = Release;
		};
		0E84998F1F6D9AA600F82BBF /* Build configuration list for PBXNativeTarget "BikeShedTests" */ = {
			isa = XCConfigurationList;
			buildConfigurations = (
				0E8499901F6D9AA600F82BBF /* Debug */,
				0E8499911F6D9AA600F82BBF /* Release */,
			);
			defaultConfigurationIsVisible = 0;
			defaultConfigurationName = Release;
		};
/* End XCConfigurationList section */
	};
	rootObject = 0E8499651F6D9AA600F82BBF /* Project object */;
}
